
Microsoft Visual Studio Solution File, Format Version 10.00
# Visual Studio 2008
Project("{8BC9CEB8-8B4A-11D0-8D11-00A0C91BC942}") = "Main", "Main\Main.vcproj", "{BEF9D054-2B0D-4E20-A403-F1F8B9C84DD1}"
	ProjectSection(ProjectDependencies) = postProject
		{F7C22D26-3FB6-416F-A085-83CE48CE5E4B} = {F7C22D26-3FB6-416F-A085-83CE48CE5E4B}
	EndProjectSection
EndProject
Project("{8BC9CEB8-8B4A-11D0-8D11-00A0C91BC942}") = "Collect", "Collect\Collect.vcproj", "{F7C22D26-3FB6-416F-A085-83CE48CE5E4B}"
EndProject
Project("{8BC9CEB8-8B4A-11D0-8D11-00A0C91BC942}") = "Wallpaper", "Main_WTL\Main_WTL.vcproj", "{24429507-2047-4AB4-91CF-4C8A9F883DDD}"
	ProjectSection(ProjectDependencies) = postProject
		{F7C22D26-3FB6-416F-A085-83CE48CE5E4B} = {F7C22D26-3FB6-416F-A085-83CE48CE5E4B}
	EndProjectSection
EndProject
Global
	GlobalSection(SolutionConfigurationPlatforms) = preSolution
		Debug|Win32 = Debug|Win32
		Release|Win32 = Release|Win32
	EndGlobalSection
	GlobalSection(ProjectConfigurationPlatforms) = postSolution
		{BEF9D054-2B0D-4E20-A403-F1F8B9C84DD1}.Debug|Win32.ActiveCfg = Debug|Win32
		{BEF9D054-2B0D-4E20-A403-F1F8B9C84DD1}.Debug|Win32.Build.0 = Debug|Win32
		{BEF9D054-2B0D-4E20-A403-F1F8B9C84DD1}.Release|Win32.ActiveCfg = Release|Win32
		{BEF9D054-2B0D-4E20-A403-F1F8B9C84DD1}.Release|Win32.Build.0 = Release|Win32
		{F7C22D26-3FB6-416F-A085-83CE48CE5E4B}.Debug|Win32.ActiveCfg = Debug|Win32
		{F7C22D26-3FB6-416F-A085-83CE48CE5E4B}.Debug|Win32.Build.0 = Debug|Win32
		{F7C22D26-3FB6-416F-A085-83CE48CE5E4B}.Release|Win32.ActiveCfg = Release|Win32
		{F7C22D26-3FB6-416F-A085-83CE48CE5E4B}.Release|Win32.Build.0 = Release|Win32
		{24429507-2047-4AB4-91CF-4C8A9F883DDD}.Debug|Win32.ActiveCfg = Debug|Win32
		{24429507-2047-4AB4-91CF-4C8A9F883DDD}.Debug|Win32.Build.0 = Debug|Win32
		{24429507-2047-4AB4-91CF-4C8A9F883DDD}.Release|Win32.ActiveCfg = Release|Win32
		{24429507-2047-4AB4-91CF-4C8A9F883DDD}.Release|Win32.Build.0 = Release|Win32
	EndGlobalSection
	GlobalSection(SolutionProperties) = preSolution
		HideSolutionNode = FALSE
	EndGlobalSection
EndGlobal
